// !$*UTF8*$!
{
	archiveVersion = 1;
	classes = {
	};
	objectVersion = 46;
	objects = {

/* Begin PBXBuildFile section */
		5B0396981CD110D300BB845D /* SplashController.swift in Sources */ = {isa = PBXBuildFile; fileRef = 5B0396971CD110D300BB845D /* SplashController.swift */; };
		5B2BB6641CADC2CC002B4F37 /* AppDelegate.swift in Sources */ = {isa = PBXBuildFile; fileRef = 5B2BB6631CADC2CC002B4F37 /* AppDelegate.swift */; };
		5B2BB6661CADC2CC002B4F37 /* MapViewController.swift in Sources */ = {isa = PBXBuildFile; fileRef = 5B2BB6651CADC2CC002B4F37 /* MapViewController.swift */; };
		5B2BB6691CADC2CC002B4F37 /* Main.storyboard in Resources */ = {isa = PBXBuildFile; fileRef = 5B2BB6671CADC2CC002B4F37 /* Main.storyboard */; };
		5B2BB66B1CADC2CC002B4F37 /* Assets.xcassets in Resources */ = {isa = PBXBuildFile; fileRef = 5B2BB66A1CADC2CC002B4F37 /* Assets.xcassets */; };
		5B2BB6791CADC2CC002B4F37 /* RuteameTests.swift in Sources */ = {isa = PBXBuildFile; fileRef = 5B2BB6781CADC2CC002B4F37 /* RuteameTests.swift */; };
		5B2BB6841CADC2CC002B4F37 /* RuteameUITests.swift in Sources */ = {isa = PBXBuildFile; fileRef = 5B2BB6831CADC2CC002B4F37 /* RuteameUITests.swift */; };
		5B2BB6921CADD88C002B4F37 /* CoreLocation.framework in Frameworks */ = {isa = PBXBuildFile; fileRef = 5B2BB6911CADD88C002B4F37 /* CoreLocation.framework */; };
		5B5DD20A1CD3E3EF00D381CF /* iphone_4_lights.png in Resources */ = {isa = PBXBuildFile; fileRef = 5B5DD2061CD3E3EF00D381CF /* iphone_4_lights.png */; };
		5B5DD20B1CD3E3EF00D381CF /* iphone_5_lights.png in Resources */ = {isa = PBXBuildFile; fileRef = 5B5DD2071CD3E3EF00D381CF /* iphone_5_lights.png */; };
		5B5DD20C1CD3E3EF00D381CF /* iphone_plus_lights.png in Resources */ = {isa = PBXBuildFile; fileRef = 5B5DD2081CD3E3EF00D381CF /* iphone_plus_lights.png */; };
		5B5DD20D1CD3E3EF00D381CF /* iphone_6_lights.png in Resources */ = {isa = PBXBuildFile; fileRef = 5B5DD2091CD3E3EF00D381CF /* iphone_6_lights.png */; };
		5B5DD2121CD3E4AA00D381CF /* iphone_4.png in Resources */ = {isa = PBXBuildFile; fileRef = 5B5DD20E1CD3E4AA00D381CF /* iphone_4.png */; };
		5B5DD2131CD3E4AA00D381CF /* iphone_5.png in Resources */ = {isa = PBXBuildFile; fileRef = 5B5DD20F1CD3E4AA00D381CF /* iphone_5.png */; };
		5B5DD2141CD3E4AA00D381CF /* iphone_plus.png in Resources */ = {isa = PBXBuildFile; fileRef = 5B5DD2101CD3E4AA00D381CF /* iphone_plus.png */; };
		5B5DD2171CD3EA4400D381CF /* iphone_6.png in Resources */ = {isa = PBXBuildFile; fileRef = 5B5DD2161CD3EA4400D381CF /* iphone_6.png */; };
		5B97EF061CD0189600DB4382 /* Arista.ttf in Resources */ = {isa = PBXBuildFile; fileRef = 5B97EF051CD0189600DB4382 /* Arista.ttf */; };
		5BA6C8931CD084640049CA48 /* Reachability.swift in Sources */ = {isa = PBXBuildFile; fileRef = 5BA6C8921CD084640049CA48 /* Reachability.swift */; };
		5BB2C9571CB6DCD5000D52DF /* BusData.swift in Sources */ = {isa = PBXBuildFile; fileRef = 5BB2C9561CB6DCD5000D52DF /* BusData.swift */; };
		97272D281CE6376F00F32B01 /* MainViewController.swift in Sources */ = {isa = PBXBuildFile; fileRef = 97272D271CE6376F00F32B01 /* MainViewController.swift */; };
		FE1DC53477EA338DD809BF28 /* Pods_Ruteame.framework in Frameworks */ = {isa = PBXBuildFile; fileRef = D92A3FD3744FA8E27440D597 /* Pods_Ruteame.framework */; };
/* End PBXBuildFile section */

/* Begin PBXContainerItemProxy section */
		5B2BB6751CADC2CC002B4F37 /* PBXContainerItemProxy */ = {
			isa = PBXContainerItemProxy;
			containerPortal = 5B2BB6581CADC2CC002B4F37 /* Project object */;
			proxyType = 1;
			remoteGlobalIDString = 5B2BB65F1CADC2CC002B4F37;
			remoteInfo = Ruteame;
		};
		5B2BB6801CADC2CC002B4F37 /* PBXContainerItemProxy */ = {
			isa = PBXContainerItemProxy;
			containerPortal = 5B2BB6581CADC2CC002B4F37 /* Project object */;
			proxyType = 1;
			remoteGlobalIDString = 5B2BB65F1CADC2CC002B4F37;
			remoteInfo = Ruteame;
		};
/* End PBXContainerItemProxy section */

/* Begin PBXFileReference section */
		010A5562B7F9D3A8E92700BE /* Pods.framework */ = {isa = PBXFileReference; explicitFileType = wrapper.framework; includeInIndex = 0; path = Pods.framework; sourceTree = BUILT_PRODUCTS_DIR; };
		50C4E5BEAB36FDE079BAC98D /* Pods-Ruteame.release.xcconfig */ = {isa = PBXFileReference; includeInIndex = 1; lastKnownFileType = text.xcconfig; name = "Pods-Ruteame.release.xcconfig"; path = "Pods/Target Support Files/Pods-Ruteame/Pods-Ruteame.release.xcconfig"; sourceTree = "<group>"; };
		5B0396971CD110D300BB845D /* SplashController.swift */ = {isa = PBXFileReference; fileEncoding = 4; lastKnownFileType = sourcecode.swift; path = SplashController.swift; sourceTree = "<group>"; };
		5B2BB6601CADC2CC002B4F37 /* Ruteame.app */ = {isa = PBXFileReference; explicitFileType = wrapper.application; includeInIndex = 0; path = Ruteame.app; sourceTree = BUILT_PRODUCTS_DIR; };
		5B2BB6631CADC2CC002B4F37 /* AppDelegate.swift */ = {isa = PBXFileReference; lastKnownFileType = sourcecode.swift; path = AppDelegate.swift; sourceTree = "<group>"; };
		5B2BB6651CADC2CC002B4F37 /* MapViewController.swift */ = {isa = PBXFileReference; lastKnownFileType = sourcecode.swift; path = MapViewController.swift; sourceTree = "<group>"; };
		5B2BB6681CADC2CC002B4F37 /* Base */ = {isa = PBXFileReference; lastKnownFileType = file.storyboard; name = Base; path = Base.lproj/Main.storyboard; sourceTree = "<group>"; };
		5B2BB66A1CADC2CC002B4F37 /* Assets.xcassets */ = {isa = PBXFileReference; lastKnownFileType = folder.assetcatalog; path = Assets.xcassets; sourceTree = "<group>"; };
		5B2BB66F1CADC2CC002B4F37 /* Info.plist */ = {isa = PBXFileReference; lastKnownFileType = text.plist.xml; path = Info.plist; sourceTree = "<group>"; };
		5B2BB6741CADC2CC002B4F37 /* RuteameTests.xctest */ = {isa = PBXFileReference; explicitFileType = wrapper.cfbundle; includeInIndex = 0; path = RuteameTests.xctest; sourceTree = BUILT_PRODUCTS_DIR; };
		5B2BB6781CADC2CC002B4F37 /* RuteameTests.swift */ = {isa = PBXFileReference; lastKnownFileType = sourcecode.swift; path = RuteameTests.swift; sourceTree = "<group>"; };
		5B2BB67A1CADC2CC002B4F37 /* Info.plist */ = {isa = PBXFileReference; lastKnownFileType = text.plist.xml; path = Info.plist; sourceTree = "<group>"; };
		5B2BB67F1CADC2CC002B4F37 /* RuteameUITests.xctest */ = {isa = PBXFileReference; explicitFileType = wrapper.cfbundle; includeInIndex = 0; path = RuteameUITests.xctest; sourceTree = BUILT_PRODUCTS_DIR; };
		5B2BB6831CADC2CC002B4F37 /* RuteameUITests.swift */ = {isa = PBXFileReference; lastKnownFileType = sourcecode.swift; path = RuteameUITests.swift; sourceTree = "<group>"; };
		5B2BB6851CADC2CC002B4F37 /* Info.plist */ = {isa = PBXFileReference; lastKnownFileType = text.plist.xml; path = Info.plist; sourceTree = "<group>"; };
		5B2BB6911CADD88C002B4F37 /* CoreLocation.framework */ = {isa = PBXFileReference; lastKnownFileType = wrapper.framework; name = CoreLocation.framework; path = System/Library/Frameworks/CoreLocation.framework; sourceTree = SDKROOT; };
		5B2BB6931CADDB86002B4F37 /* Ruteame-Bridging-Header.h */ = {isa = PBXFileReference; lastKnownFileType = sourcecode.c.h; path = "Ruteame-Bridging-Header.h"; sourceTree = "<group>"; };
		5B5DD2061CD3E3EF00D381CF /* iphone_4_lights.png */ = {isa = PBXFileReference; lastKnownFileType = image.png; path = iphone_4_lights.png; sourceTree = "<group>"; };
		5B5DD2071CD3E3EF00D381CF /* iphone_5_lights.png */ = {isa = PBXFileReference; lastKnownFileType = image.png; path = iphone_5_lights.png; sourceTree = "<group>"; };
		5B5DD2081CD3E3EF00D381CF /* iphone_plus_lights.png */ = {isa = PBXFileReference; lastKnownFileType = image.png; path = iphone_plus_lights.png; sourceTree = "<group>"; };
		5B5DD2091CD3E3EF00D381CF /* iphone_6_lights.png */ = {isa = PBXFileReference; lastKnownFileType = image.png; path = iphone_6_lights.png; sourceTree = "<group>"; };
		5B5DD20E1CD3E4AA00D381CF /* iphone_4.png */ = {isa = PBXFileReference; lastKnownFileType = image.png; path = iphone_4.png; sourceTree = "<group>"; };
		5B5DD20F1CD3E4AA00D381CF /* iphone_5.png */ = {isa = PBXFileReference; lastKnownFileType = image.png; path = iphone_5.png; sourceTree = "<group>"; };
		5B5DD2101CD3E4AA00D381CF /* iphone_plus.png */ = {isa = PBXFileReference; lastKnownFileType = image.png; path = iphone_plus.png; sourceTree = "<group>"; };
		5B5DD2161CD3EA4400D381CF /* iphone_6.png */ = {isa = PBXFileReference; lastKnownFileType = image.png; path = iphone_6.png; sourceTree = "<group>"; };
		5B97EF051CD0189600DB4382 /* Arista.ttf */ = {isa = PBXFileReference; lastKnownFileType = file; path = Arista.ttf; sourceTree = "<group>"; };
		5BA6C8921CD084640049CA48 /* Reachability.swift */ = {isa = PBXFileReference; fileEncoding = 4; lastKnownFileType = sourcecode.swift; path = Reachability.swift; sourceTree = "<group>"; };
		5BB2C9561CB6DCD5000D52DF /* BusData.swift */ = {isa = PBXFileReference; fileEncoding = 4; lastKnownFileType = sourcecode.swift; path = BusData.swift; sourceTree = "<group>"; };
		97272D271CE6376F00F32B01 /* MainViewController.swift */ = {isa = PBXFileReference; fileEncoding = 4; lastKnownFileType = sourcecode.swift; path = MainViewController.swift; sourceTree = "<group>"; };
		A55BADB4A009747A90E2CB67 /* Pods-Ruteame.debug.xcconfig */ = {isa = PBXFileReference; includeInIndex = 1; lastKnownFileType = text.xcconfig; name = "Pods-Ruteame.debug.xcconfig"; path = "Pods/Target Support Files/Pods-Ruteame/Pods-Ruteame.debug.xcconfig"; sourceTree = "<group>"; };
		D92A3FD3744FA8E27440D597 /* Pods_Ruteame.framework */ = {isa = PBXFileReference; explicitFileType = wrapper.framework; includeInIndex = 0; path = Pods_Ruteame.framework; sourceTree = BUILT_PRODUCTS_DIR; };
/* End PBXFileReference section */

/* Begin PBXFrameworksBuildPhase section */
		5B2BB65D1CADC2CC002B4F37 /* Frameworks */ = {
			isa = PBXFrameworksBuildPhase;
			buildActionMask = 2147483647;
			files = (
				5B2BB6921CADD88C002B4F37 /* CoreLocation.framework in Frameworks */,
				FE1DC53477EA338DD809BF28 /* Pods_Ruteame.framework in Frameworks */,
			);
			runOnlyForDeploymentPostprocessing = 0;
		};
		5B2BB6711CADC2CC002B4F37 /* Frameworks */ = {
			isa = PBXFrameworksBuildPhase;
			buildActionMask = 2147483647;
			files = (
			);
			runOnlyForDeploymentPostprocessing = 0;
		};
		5B2BB67C1CADC2CC002B4F37 /* Frameworks */ = {
			isa = PBXFrameworksBuildPhase;
			buildActionMask = 2147483647;
			files = (
			);
			runOnlyForDeploymentPostprocessing = 0;
		};
/* End PBXFrameworksBuildPhase section */

/* Begin PBXGroup section */
		5B2BB6571CADC2CC002B4F37 = {
			isa = PBXGroup;
			children = (
				5B2BB6621CADC2CC002B4F37 /* Ruteame */,
				5B2BB6771CADC2CC002B4F37 /* RuteameTests */,
				5B2BB6821CADC2CC002B4F37 /* RuteameUITests */,
				5B2BB6611CADC2CC002B4F37 /* Products */,
				AB8C4EEA500D3F068F5D50BC /* Frameworks */,
				BDAD67F90B6B240C17B0BB34 /* Pods */,
			);
			sourceTree = "<group>";
		};
		5B2BB6611CADC2CC002B4F37 /* Products */ = {
			isa = PBXGroup;
			children = (
				5B2BB6601CADC2CC002B4F37 /* Ruteame.app */,
				5B2BB6741CADC2CC002B4F37 /* RuteameTests.xctest */,
				5B2BB67F1CADC2CC002B4F37 /* RuteameUITests.xctest */,
			);
			name = Products;
			sourceTree = "<group>";
		};
		5B2BB6621CADC2CC002B4F37 /* Ruteame */ = {
			isa = PBXGroup;
			children = (
				5B5DD2051CD3E3EF00D381CF /* splash_images_lights */,
				5B5DD1FC1CD3E3E100D381CF /* splash_images */,
				5BA6C88F1CD083FF0049CA48 /* utils */,
				5BB2C9551CB6DCB5000D52DF /* models */,
				5B86FB571CB40AC500A4D5FA /* controllers */,
				5B2BB6631CADC2CC002B4F37 /* AppDelegate.swift */,
				5B2BB6671CADC2CC002B4F37 /* Main.storyboard */,
				5B2BB66A1CADC2CC002B4F37 /* Assets.xcassets */,
				5B97EF051CD0189600DB4382 /* Arista.ttf */,
				5B2BB66F1CADC2CC002B4F37 /* Info.plist */,
				5B2BB6931CADDB86002B4F37 /* Ruteame-Bridging-Header.h */,
			);
			path = Ruteame;
			sourceTree = "<group>";
		};
		5B2BB6771CADC2CC002B4F37 /* RuteameTests */ = {
			isa = PBXGroup;
			children = (
				5B2BB6781CADC2CC002B4F37 /* RuteameTests.swift */,
				5B2BB67A1CADC2CC002B4F37 /* Info.plist */,
			);
			path = RuteameTests;
			sourceTree = "<group>";
		};
		5B2BB6821CADC2CC002B4F37 /* RuteameUITests */ = {
			isa = PBXGroup;
			children = (
				5B2BB6831CADC2CC002B4F37 /* RuteameUITests.swift */,
				5B2BB6851CADC2CC002B4F37 /* Info.plist */,
			);
			path = RuteameUITests;
			sourceTree = "<group>";
		};
		5B5DD1FC1CD3E3E100D381CF /* splash_images */ = {
			isa = PBXGroup;
			children = (
				5B5DD2161CD3EA4400D381CF /* iphone_6.png */,
				5B5DD20E1CD3E4AA00D381CF /* iphone_4.png */,
				5B5DD20F1CD3E4AA00D381CF /* iphone_5.png */,
				5B5DD2101CD3E4AA00D381CF /* iphone_plus.png */,
			);
			path = splash_images;
			sourceTree = "<group>";
		};
		5B5DD2051CD3E3EF00D381CF /* splash_images_lights */ = {
			isa = PBXGroup;
			children = (
				5B5DD2061CD3E3EF00D381CF /* iphone_4_lights.png */,
				5B5DD2071CD3E3EF00D381CF /* iphone_5_lights.png */,
				5B5DD2081CD3E3EF00D381CF /* iphone_plus_lights.png */,
				5B5DD2091CD3E3EF00D381CF /* iphone_6_lights.png */,
			);
			path = splash_images_lights;
			sourceTree = "<group>";
		};
		5B86FB571CB40AC500A4D5FA /* controllers */ = {
			isa = PBXGroup;
			children = (
				5B0396971CD110D300BB845D /* SplashController.swift */,
				5B2BB6651CADC2CC002B4F37 /* MapViewController.swift */,
				97272D271CE6376F00F32B01 /* MainViewController.swift */,
			);
			name = controllers;
			sourceTree = "<group>";
		};
		5BA6C88F1CD083FF0049CA48 /* utils */ = {
			isa = PBXGroup;
			children = (
				5BA6C8921CD084640049CA48 /* Reachability.swift */,
			);
			name = utils;
			sourceTree = "<group>";
		};
		5BB2C9551CB6DCB5000D52DF /* models */ = {
			isa = PBXGroup;
			children = (
				5BB2C9561CB6DCD5000D52DF /* BusData.swift */,
			);
			name = models;
			sourceTree = "<group>";
		};
		AB8C4EEA500D3F068F5D50BC /* Frameworks */ = {
			isa = PBXGroup;
			children = (
				5B2BB6911CADD88C002B4F37 /* CoreLocation.framework */,
				010A5562B7F9D3A8E92700BE /* Pods.framework */,
				D92A3FD3744FA8E27440D597 /* Pods_Ruteame.framework */,
			);
			name = Frameworks;
			sourceTree = "<group>";
		};
		BDAD67F90B6B240C17B0BB34 /* Pods */ = {
			isa = PBXGroup;
			children = (
				A55BADB4A009747A90E2CB67 /* Pods-Ruteame.debug.xcconfig */,
				50C4E5BEAB36FDE079BAC98D /* Pods-Ruteame.release.xcconfig */,
			);
			name = Pods;
			sourceTree = "<group>";
		};
/* End PBXGroup section */

/* Begin PBXNativeTarget section */
		5B2BB65F1CADC2CC002B4F37 /* Ruteame */ = {
			isa = PBXNativeTarget;
			buildConfigurationList = 5B2BB6881CADC2CC002B4F37 /* Build configuration list for PBXNativeTarget "Ruteame" */;
			buildPhases = (
				AB8017BA025E43E50C54286D /* 📦 Check Pods Manifest.lock */,
				5B2BB65C1CADC2CC002B4F37 /* Sources */,
				5B2BB65D1CADC2CC002B4F37 /* Frameworks */,
				5B2BB65E1CADC2CC002B4F37 /* Resources */,
				8DEF72949E02AC2F8E1B6743 /* 📦 Embed Pods Frameworks */,
				106EB746F08C64A005ED8DB8 /* 📦 Copy Pods Resources */,
				97272D2A1CE6A48F00F32B01 /* ShellScript */,
			);
			buildRules = (
			);
			dependencies = (
			);
			name = Ruteame;
			productName = Ruteame;
			productReference = 5B2BB6601CADC2CC002B4F37 /* Ruteame.app */;
			productType = "com.apple.product-type.application";
		};
		5B2BB6731CADC2CC002B4F37 /* RuteameTests */ = {
			isa = PBXNativeTarget;
			buildConfigurationList = 5B2BB68B1CADC2CC002B4F37 /* Build configuration list for PBXNativeTarget "RuteameTests" */;
			buildPhases = (
				5B2BB6701CADC2CC002B4F37 /* Sources */,
				5B2BB6711CADC2CC002B4F37 /* Frameworks */,
				5B2BB6721CADC2CC002B4F37 /* Resources */,
			);
			buildRules = (
			);
			dependencies = (
				5B2BB6761CADC2CC002B4F37 /* PBXTargetDependency */,
			);
			name = RuteameTests;
			productName = RuteameTests;
			productReference = 5B2BB6741CADC2CC002B4F37 /* RuteameTests.xctest */;
			productType = "com.apple.product-type.bundle.unit-test";
		};
		5B2BB67E1CADC2CC002B4F37 /* RuteameUITests */ = {
			isa = PBXNativeTarget;
			buildConfigurationList = 5B2BB68E1CADC2CC002B4F37 /* Build configuration list for PBXNativeTarget "RuteameUITests" */;
			buildPhases = (
				5B2BB67B1CADC2CC002B4F37 /* Sources */,
				5B2BB67C1CADC2CC002B4F37 /* Frameworks */,
				5B2BB67D1CADC2CC002B4F37 /* Resources */,
			);
			buildRules = (
			);
			dependencies = (
				5B2BB6811CADC2CC002B4F37 /* PBXTargetDependency */,
			);
			name = RuteameUITests;
			productName = RuteameUITests;
			productReference = 5B2BB67F1CADC2CC002B4F37 /* RuteameUITests.xctest */;
			productType = "com.apple.product-type.bundle.ui-testing";
		};
/* End PBXNativeTarget section */

/* Begin PBXProject section */
		5B2BB6581CADC2CC002B4F37 /* Project object */ = {
			isa = PBXProject;
			attributes = {
				LastSwiftUpdateCheck = 0730;
				LastUpgradeCheck = 0730;
				ORGANIZATIONNAME = "Roberto Avalos";
				TargetAttributes = {
					5B2BB65F1CADC2CC002B4F37 = {
						CreatedOnToolsVersion = 7.3;
						DevelopmentTeam = LH9FDN37BR;
					};
					5B2BB6731CADC2CC002B4F37 = {
						CreatedOnToolsVersion = 7.3;
						DevelopmentTeam = X6PJNPKDZ7;
						TestTargetID = 5B2BB65F1CADC2CC002B4F37;
					};
					5B2BB67E1CADC2CC002B4F37 = {
						CreatedOnToolsVersion = 7.3;
						DevelopmentTeam = X6PJNPKDZ7;
						TestTargetID = 5B2BB65F1CADC2CC002B4F37;
					};
				};
			};
			buildConfigurationList = 5B2BB65B1CADC2CC002B4F37 /* Build configuration list for PBXProject "Ruteame" */;
			compatibilityVersion = "Xcode 3.2";
			developmentRegion = English;
			hasScannedForEncodings = 0;
			knownRegions = (
				en,
				Base,
			);
			mainGroup = 5B2BB6571CADC2CC002B4F37;
			productRefGroup = 5B2BB6611CADC2CC002B4F37 /* Products */;
			projectDirPath = "";
			projectRoot = "";
			targets = (
				5B2BB65F1CADC2CC002B4F37 /* Ruteame */,
				5B2BB6731CADC2CC002B4F37 /* RuteameTests */,
				5B2BB67E1CADC2CC002B4F37 /* RuteameUITests */,
			);
		};
/* End PBXProject section */

/* Begin PBXResourcesBuildPhase section */
		5B2BB65E1CADC2CC002B4F37 /* Resources */ = {
			isa = PBXResourcesBuildPhase;
			buildActionMask = 2147483647;
			files = (
				5B5DD2141CD3E4AA00D381CF /* iphone_plus.png in Resources */,
				5B5DD20D1CD3E3EF00D381CF /* iphone_6_lights.png in Resources */,
				5B5DD2171CD3EA4400D381CF /* iphone_6.png in Resources */,
				5B5DD20C1CD3E3EF00D381CF /* iphone_plus_lights.png in Resources */,
				5B5DD20B1CD3E3EF00D381CF /* iphone_5_lights.png in Resources */,
				5B5DD2131CD3E4AA00D381CF /* iphone_5.png in Resources */,
				5B2BB66B1CADC2CC002B4F37 /* Assets.xcassets in Resources */,
				5B97EF061CD0189600DB4382 /* Arista.ttf in Resources */,
				5B5DD2121CD3E4AA00D381CF /* iphone_4.png in Resources */,
				5B5DD20A1CD3E3EF00D381CF /* iphone_4_lights.png in Resources */,
				5B2BB6691CADC2CC002B4F37 /* Main.storyboard in Resources */,
			);
			runOnlyForDeploymentPostprocessing = 0;
		};
		5B2BB6721CADC2CC002B4F37 /* Resources */ = {
			isa = PBXResourcesBuildPhase;
			buildActionMask = 2147483647;
			files = (
			);
			runOnlyForDeploymentPostprocessing = 0;
		};
		5B2BB67D1CADC2CC002B4F37 /* Resources */ = {
			isa = PBXResourcesBuildPhase;
			buildActionMask = 2147483647;
			files = (
			);
			runOnlyForDeploymentPostprocessing = 0;
		};
/* End PBXResourcesBuildPhase section */

/* Begin PBXShellScriptBuildPhase section */
		106EB746F08C64A005ED8DB8 /* 📦 Copy Pods Resources */ = {
			isa = PBXShellScriptBuildPhase;
			buildActionMask = 2147483647;
			files = (
			);
			inputPaths = (
			);
			name = "📦 Copy Pods Resources";
			outputPaths = (
			);
			runOnlyForDeploymentPostprocessing = 0;
			shellPath = /bin/sh;
			shellScript = "\"${SRCROOT}/Pods/Target Support Files/Pods-Ruteame/Pods-Ruteame-resources.sh\"\n";
			showEnvVarsInLog = 0;
		};
		8DEF72949E02AC2F8E1B6743 /* 📦 Embed Pods Frameworks */ = {
			isa = PBXShellScriptBuildPhase;
			buildActionMask = 2147483647;
			files = (
			);
			inputPaths = (
			);
			name = "📦 Embed Pods Frameworks";
			outputPaths = (
			);
			runOnlyForDeploymentPostprocessing = 0;
			shellPath = /bin/sh;
			shellScript = "\"${SRCROOT}/Pods/Target Support Files/Pods-Ruteame/Pods-Ruteame-frameworks.sh\"\n";
			showEnvVarsInLog = 0;
		};
		97272D2A1CE6A48F00F32B01 /* ShellScript */ = {
			isa = PBXShellScriptBuildPhase;
			buildActionMask = 2147483647;
			files = (
			);
			inputPaths = (
			);
			outputPaths = (
			);
			runOnlyForDeploymentPostprocessing = 0;
			shellPath = /bin/sh;
			shellScript = "\"${PODS_ROOT}/Fabric/run\" bbb6f2a021aa6c4df29b9a27a2e2ef93d20f0523 8f793d32366d899835b9420b84a748392c351a265102517a188c0f088dfa884d";
		};
		AB8017BA025E43E50C54286D /* 📦 Check Pods Manifest.lock */ = {
			isa = PBXShellScriptBuildPhase;
			buildActionMask = 2147483647;
			files = (
			);
			inputPaths = (
			);
			name = "📦 Check Pods Manifest.lock";
			outputPaths = (
			);
			runOnlyForDeploymentPostprocessing = 0;
			shellPath = /bin/sh;
			shellScript = "diff \"${PODS_ROOT}/../Podfile.lock\" \"${PODS_ROOT}/Manifest.lock\" > /dev/null\nif [[ $? != 0 ]] ; then\n    cat << EOM\nerror: The sandbox is not in sync with the Podfile.lock. Run 'pod install' or update your CocoaPods installation.\nEOM\n    exit 1\nfi\n";
			showEnvVarsInLog = 0;
		};
/* End PBXShellScriptBuildPhase section */

/* Begin PBXSourcesBuildPhase section */
		5B2BB65C1CADC2CC002B4F37 /* Sources */ = {
			isa = PBXSourcesBuildPhase;
			buildActionMask = 2147483647;
			files = (
				5BB2C9571CB6DCD5000D52DF /* BusData.swift in Sources */,
				5B2BB6661CADC2CC002B4F37 /* MapViewController.swift in Sources */,
				5BA6C8931CD084640049CA48 /* Reachability.swift in Sources */,
				97272D281CE6376F00F32B01 /* MainViewController.swift in Sources */,
				5B2BB6641CADC2CC002B4F37 /* AppDelegate.swift in Sources */,
				5B0396981CD110D300BB845D /* SplashController.swift in Sources */,
			);
			runOnlyForDeploymentPostprocessing = 0;
		};
		5B2BB6701CADC2CC002B4F37 /* Sources */ = {
			isa = PBXSourcesBuildPhase;
			buildActionMask = 2147483647;
			files = (
				5B2BB6791CADC2CC002B4F37 /* RuteameTests.swift in Sources */,
			);
			runOnlyForDeploymentPostprocessing = 0;
		};
		5B2BB67B1CADC2CC002B4F37 /* Sources */ = {
			isa = PBXSourcesBuildPhase;
			buildActionMask = 2147483647;
			files = (
				5B2BB6841CADC2CC002B4F37 /* RuteameUITests.swift in Sources */,
			);
			runOnlyForDeploymentPostprocessing = 0;
		};
/* End PBXSourcesBuildPhase section */

/* Begin PBXTargetDependency section */
		5B2BB6761CADC2CC002B4F37 /* PBXTargetDependency */ = {
			isa = PBXTargetDependency;
			target = 5B2BB65F1CADC2CC002B4F37 /* Ruteame */;
			targetProxy = 5B2BB6751CADC2CC002B4F37 /* PBXContainerItemProxy */;
		};
		5B2BB6811CADC2CC002B4F37 /* PBXTargetDependency */ = {
			isa = PBXTargetDependency;
			target = 5B2BB65F1CADC2CC002B4F37 /* Ruteame */;
			targetProxy = 5B2BB6801CADC2CC002B4F37 /* PBXContainerItemProxy */;
		};
/* End PBXTargetDependency section */

/* Begin PBXVariantGroup section */
		5B2BB6671CADC2CC002B4F37 /* Main.storyboard */ = {
			isa = PBXVariantGroup;
			children = (
				5B2BB6681CADC2CC002B4F37 /* Base */,
			);
			name = Main.storyboard;
			sourceTree = "<group>";
		};
/* End PBXVariantGroup section */

/* Begin XCBuildConfiguration section */
		5B2BB6861CADC2CC002B4F37 /* Debug */ = {
			isa = XCBuildConfiguration;
			buildSettings = {
				ALWAYS_SEARCH_USER_PATHS = NO;
				CLANG_ANALYZER_NONNULL = YES;
				CLANG_CXX_LANGUAGE_STANDARD = "gnu++0x";
				CLANG_CXX_LIBRARY = "libc++";
				CLANG_ENABLE_MODULES = YES;
				CLANG_ENABLE_OBJC_ARC = YES;
				CLANG_WARN_BOOL_CONVERSION = YES;
				CLANG_WARN_CONSTANT_CONVERSION = YES;
				CLANG_WARN_DIRECT_OBJC_ISA_USAGE = YES_ERROR;
				CLANG_WARN_EMPTY_BODY = YES;
				CLANG_WARN_ENUM_CONVERSION = YES;
				CLANG_WARN_INT_CONVERSION = YES;
				CLANG_WARN_OBJC_ROOT_CLASS = YES_ERROR;
				CLANG_WARN_UNREACHABLE_CODE = YES;
				CLANG_WARN__DUPLICATE_METHOD_MATCH = YES;
				CODE_SIGN_IDENTITY = "iPhone Distribution: Jose Preciado Lopez (LH9FDN37BR)";
				"CODE_SIGN_IDENTITY[sdk=iphoneos*]" = "iPhone Distribution: Jose Preciado Lopez (LH9FDN37BR)";
				COPY_PHASE_STRIP = NO;
				DEBUG_INFORMATION_FORMAT = dwarf;
				ENABLE_STRICT_OBJC_MSGSEND = YES;
				ENABLE_TESTABILITY = YES;
				GCC_C_LANGUAGE_STANDARD = gnu99;
				GCC_DYNAMIC_NO_PIC = NO;
				GCC_NO_COMMON_BLOCKS = YES;
				GCC_OPTIMIZATION_LEVEL = 0;
				GCC_PREPROCESSOR_DEFINITIONS = (
					"DEBUG=1",
					"$(inherited)",
				);
				GCC_WARN_64_TO_32_BIT_CONVERSION = YES;
				GCC_WARN_ABOUT_RETURN_TYPE = YES_ERROR;
				GCC_WARN_UNDECLARED_SELECTOR = YES;
				GCC_WARN_UNINITIALIZED_AUTOS = YES_AGGRESSIVE;
				GCC_WARN_UNUSED_FUNCTION = YES;
				GCC_WARN_UNUSED_VARIABLE = YES;
				IPHONEOS_DEPLOYMENT_TARGET = 9.3;
				MTL_ENABLE_DEBUG_INFO = YES;
				ONLY_ACTIVE_ARCH = YES;
				SDKROOT = iphoneos;
				SWIFT_OPTIMIZATION_LEVEL = "-Onone";
				TARGETED_DEVICE_FAMILY = "1,2";
			};
			name = Debug;
		};
		5B2BB6871CADC2CC002B4F37 /* Release */ = {
			isa = XCBuildConfiguration;
			buildSettings = {
				ALWAYS_SEARCH_USER_PATHS = NO;
				CLANG_ANALYZER_NONNULL = YES;
				CLANG_CXX_LANGUAGE_STANDARD = "gnu++0x";
				CLANG_CXX_LIBRARY = "libc++";
				CLANG_ENABLE_MODULES = YES;
				CLANG_ENABLE_OBJC_ARC = YES;
				CLANG_WARN_BOOL_CONVERSION = YES;
				CLANG_WARN_CONSTANT_CONVERSION = YES;
				CLANG_WARN_DIRECT_OBJC_ISA_USAGE = YES_ERROR;
				CLANG_WARN_EMPTY_BODY = YES;
				CLANG_WARN_ENUM_CONVERSION = YES;
				CLANG_WARN_INT_CONVERSION = YES;
				CLANG_WARN_OBJC_ROOT_CLASS = YES_ERROR;
				CLANG_WARN_UNREACHABLE_CODE = YES;
				CLANG_WARN__DUPLICATE_METHOD_MATCH = YES;
				CODE_SIGN_IDENTITY = "iPhone Distribution: Jose Preciado Lopez (LH9FDN37BR)";
				"CODE_SIGN_IDENTITY[sdk=iphoneos*]" = "iPhone Distribution: Jose Preciado Lopez (LH9FDN37BR)";
				COPY_PHASE_STRIP = NO;
				DEBUG_INFORMATION_FORMAT = "dwarf-with-dsym";
				ENABLE_NS_ASSERTIONS = NO;
				ENABLE_STRICT_OBJC_MSGSEND = YES;
				GCC_C_LANGUAGE_STANDARD = gnu99;
				GCC_NO_COMMON_BLOCKS = YES;
				GCC_WARN_64_TO_32_BIT_CONVERSION = YES;
				GCC_WARN_ABOUT_RETURN_TYPE = YES_ERROR;
				GCC_WARN_UNDECLARED_SELECTOR = YES;
				GCC_WARN_UNINITIALIZED_AUTOS = YES_AGGRESSIVE;
				GCC_WARN_UNUSED_FUNCTION = YES;
				GCC_WARN_UNUSED_VARIABLE = YES;
				IPHONEOS_DEPLOYMENT_TARGET = 9.3;
				MTL_ENABLE_DEBUG_INFO = NO;
				SDKROOT = iphoneos;
				TARGETED_DEVICE_FAMILY = "1,2";
				VALIDATE_PRODUCT = YES;
			};
			name = Release;
		};
		5B2BB6891CADC2CC002B4F37 /* Debug */ = {
			isa = XCBuildConfiguration;
			baseConfigurationReference = A55BADB4A009747A90E2CB67 /* Pods-Ruteame.debug.xcconfig */;
			buildSettings = {
				ASSETCATALOG_COMPILER_APPICON_NAME = AppIcon;
				ASSETCATALOG_COMPILER_LAUNCHIMAGE_NAME = "Brand Assets";
				CLANG_ENABLE_MODULES = YES;
				CODE_SIGN_IDENTITY = "iPhone Developer";
				"CODE_SIGN_IDENTITY[sdk=iphoneos*]" = "iPhone Developer";
				INFOPLIST_FILE = Ruteame/Info.plist;
				IPHONEOS_DEPLOYMENT_TARGET = 8.0;
				LD_RUNPATH_SEARCH_PATHS = "$(inherited) @executable_path/Frameworks";
				PRODUCT_BUNDLE_IDENTIFIER = mx.appdata.ruteamecolima;
				PRODUCT_NAME = "$(TARGET_NAME)";
				PROVISIONING_PROFILE = "";
				SWIFT_OBJC_BRIDGING_HEADER = "Ruteame/Ruteame-Bridging-Header.h";
				SWIFT_OPTIMIZATION_LEVEL = "-Onone";
				TARGETED_DEVICE_FAMILY = 1;
			};
			name = Debug;
		};
		5B2BB68A1CADC2CC002B4F37 /* Release */ = {
			isa = XCBuildConfiguration;
			baseConfigurationReference = 50C4E5BEAB36FDE079BAC98D /* Pods-Ruteame.release.xcconfig */;
			buildSettings = {
				ASSETCATALOG_COMPILER_APPICON_NAME = AppIcon;
				ASSETCATALOG_COMPILER_LAUNCHIMAGE_NAME = "Brand Assets";
				CLANG_ENABLE_MODULES = YES;
				CODE_SIGN_IDENTITY = "iPhone Developer";
				"CODE_SIGN_IDENTITY[sdk=iphoneos*]" = "iPhone Developer";
				INFOPLIST_FILE = Ruteame/Info.plist;
				IPHONEOS_DEPLOYMENT_TARGET = 8.0;
				LD_RUNPATH_SEARCH_PATHS = "$(inherited) @executable_path/Frameworks";
				PRODUCT_BUNDLE_IDENTIFIER = mx.appdata.ruteamecolima;
				PRODUCT_NAME = "$(TARGET_NAME)";
				PROVISIONING_PROFILE = "";
				SWIFT_OBJC_BRIDGING_HEADER = "Ruteame/Ruteame-Bridging-Header.h";
				TARGETED_DEVICE_FAMILY = 1;
			};
			name = Release;
		};
		5B2BB68C1CADC2CC002B4F37 /* Debug */ = {
			isa = XCBuildConfiguration;
			buildSettings = {
				BUNDLE_LOADER = "$(TEST_HOST)";
				INFOPLIST_FILE = RuteameTests/Info.plist;
				LD_RUNPATH_SEARCH_PATHS = "$(inherited) @executable_path/Frameworks @loader_path/Frameworks";
				PRODUCT_BUNDLE_IDENTIFIER = mx.appdata.RuteameTests;
				PRODUCT_NAME = "$(TARGET_NAME)";
				TEST_HOST = "$(BUILT_PRODUCTS_DIR)/Ruteame.app/Ruteame";
			};
			name = Debug;
		};
		5B2BB68D1CADC2CC002B4F37 /* Release */ = {
			isa = XCBuildConfiguration;
			buildSettings = {
				BUNDLE_LOADER = "$(TEST_HOST)";
				INFOPLIST_FILE = RuteameTests/Info.plist;
				LD_RUNPATH_SEARCH_PATHS = "$(inherited) @executable_path/Frameworks @loader_path/Frameworks";
				PRODUCT_BUNDLE_IDENTIFIER = mx.appdata.RuteameTests;
				PRODUCT_NAME = "$(TARGET_NAME)";
				TEST_HOST = "$(BUILT_PRODUCTS_DIR)/Ruteame.app/Ruteame";
			};
			name = Release;
		};
		5B2BB68F1CADC2CC002B4F37 /* Debug */ = {
			isa = XCBuildConfiguration;
			buildSettings = {
				INFOPLIST_FILE = RuteameUITests/Info.plist;
				LD_RUNPATH_SEARCH_PATHS = "$(inherited) @executable_path/Frameworks @loader_path/Frameworks";
				PRODUCT_BUNDLE_IDENTIFIER = mx.appdata.RuteameUITests;
				PRODUCT_NAME = "$(TARGET_NAME)";
				TEST_TARGET_NAME = Ruteame;
			};
			name = Debug;
		};
		5B2BB6901CADC2CC002B4F37 /* Release */ = {
			isa = XCBuildConfiguration;
			buildSettings = {
				INFOPLIST_FILE = RuteameUITests/Info.plist;
				LD_RUNPATH_SEARCH_PATHS = "$(inherited) @executable_path/Frameworks @loader_path/Frameworks";
				PRODUCT_BUNDLE_IDENTIFIER = mx.appdata.RuteameUITests;
				PRODUCT_NAME = "$(TARGET_NAME)";
				TEST_TARGET_NAME = Ruteame;
			};
			name = Release;
		};
/* End XCBuildConfiguration section */

/* Begin XCConfigurationList section */
		5B2BB65B1CADC2CC002B4F37 /* Build configuration list for PBXProject "Ruteame" */ = {
			isa = XCConfigurationList;
			buildConfigurations = (
				5B2BB6861CADC2CC002B4F37 /* Debug */,
				5B2BB6871CADC2CC002B4F37 /* Release */,
			);
			defaultConfigurationIsVisible = 0;
			defaultConfigurationName = Release;
		};
		5B2BB6881CADC2CC002B4F37 /* Build configuration list for PBXNativeTarget "Ruteame" */ = {
			isa = XCConfigurationList;
			buildConfigurations = (
				5B2BB6891CADC2CC002B4F37 /* Debug */,
				5B2BB68A1CADC2CC002B4F37 /* Release */,
			);
			defaultConfigurationIsVisible = 0;
			defaultConfigurationName = Release;
		};
		5B2BB68B1CADC2CC002B4F37 /* Build configuration list for PBXNativeTarget "RuteameTests" */ = {
			isa = XCConfigurationList;
			buildConfigurations = (
				5B2BB68C1CADC2CC002B4F37 /* Debug */,
				5B2BB68D1CADC2CC002B4F37 /* Release */,
			);
			defaultConfigurationIsVisible = 0;
			defaultConfigurationName = Release;
		};
		5B2BB68E1CADC2CC002B4F37 /* Build configuration list for PBXNativeTarget "RuteameUITests" */ = {
			isa = XCConfigurationList;
			buildConfigurations = (
				5B2BB68F1CADC2CC002B4F37 /* Debug */,
				5B2BB6901CADC2CC002B4F37 /* Release */,
			);
			defaultConfigurationIsVisible = 0;
			defaultConfigurationName = Release;
		};
/* End XCConfigurationList section */
	};
	rootObject = 5B2BB6581CADC2CC002B4F37 /* Project object */;
}
